
Microsoft Visual Studio Solution File, Format Version 12.00
# Visual Studio 14
VisualStudioVersion = 14.0.25420.1
MinimumVisualStudioVersion = 10.0.40219.1
Project("{FAE04EC0-301F-11D3-BF4B-00C04F79EFBC}") = "AppManagerService", "AppManagerService\AppManagerService.csproj", "{CD108DFA-2C70-4B00-9059-D901F01E5E04}"
EndProject
Project("{FAE04EC0-301F-11D3-BF4B-00C04F79EFBC}") = "Container", "Container\Container.csproj", "{6A325D4B-CDC1-47BF-A74F-EBB0726C7148}"
EndProject
Project("{FAE04EC0-301F-11D3-BF4B-00C04F79EFBC}") = "AppManagerInterface", "AppManagerInterface\AppManagerInterface.csproj", "{C306A040-D36A-4C5C-B0A4-F2F093175B62}"
EndProject
Project("{FAE04EC0-301F-11D3-BF4B-00C04F79EFBC}") = "NewTesstApp", "NewTesstApp\NewTesstApp.csproj", "{CB285A03-816D-4075-AB44-7307C3FE3222}"
EndProject
Global
	GlobalSection(SolutionConfigurationPlatforms) = preSolution
		Debug|Any CPU = Debug|Any CPU
		Debug|x86 = Debug|x86
		Release|Any CPU = Release|Any CPU
		Release|x86 = Release|x86
	EndGlobalSection
	GlobalSection(ProjectConfigurationPlatforms) = postSolution
		{CD108DFA-2C70-4B00-9059-D901F01E5E04}.Debug|Any CPU.ActiveCfg = Debug|Any CPU
		{CD108DFA-2C70-4B00-9059-D901F01E5E04}.Debug|Any CPU.Build.0 = Debug|Any CPU
		{CD108DFA-2C70-4B00-9059-D901F01E5E04}.Debug|x86.ActiveCfg = Debug|Any CPU
		{CD108DFA-2C70-4B00-9059-D901F01E5E04}.Release|Any CPU.ActiveCfg = Release|Any CPU
		{CD108DFA-2C70-4B00-9059-D901F01E5E04}.Release|Any CPU.Build.0 = Release|Any CPU
		{CD108DFA-2C70-4B00-9059-D901F01E5E04}.Release|x86.ActiveCfg = Release|Any CPU
		{6A325D4B-CDC1-47BF-A74F-EBB0726C7148}.Debug|Any CPU.ActiveCfg = Debug|Any CPU
		{6A325D4B-CDC1-47BF-A74F-EBB0726C7148}.Debug|Any CPU.Build.0 = Debug|Any CPU
		{6A325D4B-CDC1-47BF-A74F-EBB0726C7148}.Debug|x86.ActiveCfg = Debug|x86
		{6A325D4B-CDC1-47BF-A74F-EBB0726C7148}.Debug|x86.Build.0 = Debug|x86
		{6A325D4B-CDC1-47BF-A74F-EBB0726C7148}.Release|Any CPU.ActiveCfg = Release|Any CPU
		{6A325D4B-CDC1-47BF-A74F-EBB0726C7148}.Release|Any CPU.Build.0 = Release|Any CPU
		{6A325D4B-CDC1-47BF-A74F-EBB0726C7148}.Release|x86.ActiveCfg = Release|x86
		{6A325D4B-CDC1-47BF-A74F-EBB0726C7148}.Release|x86.Build.0 = Release|x86
		{C306A040-D36A-4C5C-B0A4-F2F093175B62}.Debug|Any CPU.ActiveCfg = Debug|Any CPU
		{C306A040-D36A-4C5C-B0A4-F2F093175B62}.Debug|Any CPU.Build.0 = Debug|Any CPU
		{C306A040-D36A-4C5C-B0A4-F2F093175B62}.Debug|x86.ActiveCfg = Debug|Any CPU
		{C306A040-D36A-4C5C-B0A4-F2F093175B62}.Release|Any CPU.ActiveCfg = Release|Any CPU
		{C306A040-D36A-4C5C-B0A4-F2F093175B62}.Release|Any CPU.Build.0 = Release|Any CPU
		{C306A040-D36A-4C5C-B0A4-F2F093175B62}.Release|x86.ActiveCfg = Release|Any CPU
		{CB285A03-816D-4075-AB44-7307C3FE3222}.Debug|Any CPU.ActiveCfg = Debug|Any CPU
		{CB285A03-816D-4075-AB44-7307C3FE3222}.Debug|Any CPU.Build.0 = Debug|Any CPU
		{CB285A03-816D-4075-AB44-7307C3FE3222}.Debug|x86.ActiveCfg = Debug|Any CPU
		{CB285A03-816D-4075-AB44-7307C3FE3222}.Debug|x86.Build.0 = Debug|Any CPU
		{CB285A03-816D-4075-AB44-7307C3FE3222}.Release|Any CPU.ActiveCfg = Release|Any CPU
		{CB285A03-816D-4075-AB44-7307C3FE3222}.Release|Any CPU.Build.0 = Release|Any CPU
		{CB285A03-816D-4075-AB44-7307C3FE3222}.Release|x86.ActiveCfg = Release|Any CPU
		{CB285A03-816D-4075-AB44-7307C3FE3222}.Release|x86.Build.0 = Release|Any CPU
	EndGlobalSection
	GlobalSection(SolutionProperties) = preSolution
		HideSolutionNode = FALSE
	EndGlobalSection
EndGlobal
